
Microsoft Visual Studio Solution File, Format Version 12.00
# Visual Studio 15
VisualStudioVersion = 15.0.27130.2026
MinimumVisualStudioVersion = 10.0.40219.1
Project("{9A19103F-16F7-4668-BE54-9A1E7A4F7556}") = "Nancy.RapidCache", "src\Nancy.RapidCache\Nancy.RapidCache.csproj", "{52FD488C-472C-4D2B-B60A-B2B5EA97BBB3}"
EndProject
Project("{9A19103F-16F7-4668-BE54-9A1E7A4F7556}") = "Nancy.RapidCache.SampleApplication", "samples\Nancy,RapidCache.SampleApplication\Nancy.RapidCache.SampleApplication.csproj", "{56F1A6DA-7C81-4099-9BE9-8876780BD65E}"
EndProject
Project("{2150E333-8FDC-42A3-9474-1A3956D46DE8}") = ".SolutionItems", ".SolutionItems", "{A916D343-9154-4239-A2C8-8F5BCBF2AE35}"
	ProjectSection(SolutionItems) = preProject
		.editorconfig = .editorconfig
		.gitignore = .gitignore
		appveyor.yml = appveyor.yml
		LICENSE = LICENSE
		README.md = README.md
	EndProjectSection
EndProject
Project("{9A19103F-16F7-4668-BE54-9A1E7A4F7556}") = "Nancy.RapidCache.Tests", "tests\Nancy.RapidCache.Tests.csproj", "{D4A1672D-A47B-4169-8216-1B0526E30981}"
EndProject
Project("{9A19103F-16F7-4668-BE54-9A1E7A4F7556}") = "Nancy.RapidCache.Redis", "src\Nancy.RapidCache.Redis\Nancy.RapidCache.Redis.csproj", "{7FB87E29-9306-428F-A26F-1E71E37C28AC}"
EndProject
Project("{2150E333-8FDC-42A3-9474-1A3956D46DE8}") = "src", "src", "{B3747F77-626C-4002-958D-41467C955F6B}"
EndProject
Project("{2150E333-8FDC-42A3-9474-1A3956D46DE8}") = "tests", "tests", "{47F7C6AC-2FE2-4638-A475-CB29BCC4A882}"
EndProject
Project("{2150E333-8FDC-42A3-9474-1A3956D46DE8}") = "samples", "samples", "{A568B937-CD6C-499B-8FDA-C40505220C7A}"
EndProject
Project("{FAE04EC0-301F-11D3-BF4B-00C04F79EFBC}") = "Nancy,RapidCache.SampleApplication.net452", "samples\Nancy,RapidCache.SampleApplication.net452\Nancy,RapidCache.SampleApplication.net452.csproj", "{9B3CABB5-4AD2-4AA0-8B41-E293CCD9563E}"
EndProject
Project("{2150E333-8FDC-42A3-9474-1A3956D46DE8}") = ".github", ".github", "{83AC5CFB-C840-4F71-A859-7F6201BA8837}"
	ProjectSection(SolutionItems) = preProject
		.github\CONTRIBUTING.md = .github\CONTRIBUTING.md
		.github\PULL_REQUEST_TEMPLATE.md = .github\PULL_REQUEST_TEMPLATE.md
	EndProjectSection
EndProject
Project("{2150E333-8FDC-42A3-9474-1A3956D46DE8}") = "ISSUE_TEMPLATE", "ISSUE_TEMPLATE", "{F0C2CEBD-E954-4CAE-A7DF-AB07CFDA4C13}"
	ProjectSection(SolutionItems) = preProject
		.github\ISSUE_TEMPLATE\Bug_report.md = .github\ISSUE_TEMPLATE\Bug_report.md
		.github\ISSUE_TEMPLATE\Feature_request.md = .github\ISSUE_TEMPLATE\Feature_request.md
		.github\ISSUE_TEMPLATE\Support.md = .github\ISSUE_TEMPLATE\Support.md
	EndProjectSection
EndProject
Project("{FAE04EC0-301F-11D3-BF4B-00C04F79EFBC}") = "Nancy.RapidCache.Couchbase", "src\Nancy.RapidCache.Couchbase\Nancy.RapidCache.Couchbase.csproj", "{68E65B37-16EA-445E-BB4A-586AA22C090C}"
EndProject
Global
	GlobalSection(SolutionConfigurationPlatforms) = preSolution
		Debug|Any CPU = Debug|Any CPU
		Release|Any CPU = Release|Any CPU
	EndGlobalSection
	GlobalSection(ProjectConfigurationPlatforms) = postSolution
		{52FD488C-472C-4D2B-B60A-B2B5EA97BBB3}.Debug|Any CPU.ActiveCfg = Debug|Any CPU
		{52FD488C-472C-4D2B-B60A-B2B5EA97BBB3}.Debug|Any CPU.Build.0 = Debug|Any CPU
		{52FD488C-472C-4D2B-B60A-B2B5EA97BBB3}.Release|Any CPU.ActiveCfg = Release|Any CPU
		{52FD488C-472C-4D2B-B60A-B2B5EA97BBB3}.Release|Any CPU.Build.0 = Release|Any CPU
		{56F1A6DA-7C81-4099-9BE9-8876780BD65E}.Debug|Any CPU.ActiveCfg = Debug|Any CPU
		{56F1A6DA-7C81-4099-9BE9-8876780BD65E}.Debug|Any CPU.Build.0 = Debug|Any CPU
		{56F1A6DA-7C81-4099-9BE9-8876780BD65E}.Release|Any CPU.ActiveCfg = Release|Any CPU
		{56F1A6DA-7C81-4099-9BE9-8876780BD65E}.Release|Any CPU.Build.0 = Release|Any CPU
		{D4A1672D-A47B-4169-8216-1B0526E30981}.Debug|Any CPU.ActiveCfg = Debug|Any CPU
		{D4A1672D-A47B-4169-8216-1B0526E30981}.Debug|Any CPU.Build.0 = Debug|Any CPU
		{D4A1672D-A47B-4169-8216-1B0526E30981}.Release|Any CPU.ActiveCfg = Release|Any CPU
		{D4A1672D-A47B-4169-8216-1B0526E30981}.Release|Any CPU.Build.0 = Release|Any CPU
		{7FB87E29-9306-428F-A26F-1E71E37C28AC}.Debug|Any CPU.ActiveCfg = Debug|Any CPU
		{7FB87E29-9306-428F-A26F-1E71E37C28AC}.Debug|Any CPU.Build.0 = Debug|Any CPU
		{7FB87E29-9306-428F-A26F-1E71E37C28AC}.Release|Any CPU.ActiveCfg = Release|Any CPU
		{7FB87E29-9306-428F-A26F-1E71E37C28AC}.Release|Any CPU.Build.0 = Release|Any CPU
		{9B3CABB5-4AD2-4AA0-8B41-E293CCD9563E}.Debug|Any CPU.ActiveCfg = Debug|Any CPU
		{9B3CABB5-4AD2-4AA0-8B41-E293CCD9563E}.Debug|Any CPU.Build.0 = Debug|Any CPU
		{9B3CABB5-4AD2-4AA0-8B41-E293CCD9563E}.Release|Any CPU.ActiveCfg = Release|Any CPU
		{9B3CABB5-4AD2-4AA0-8B41-E293CCD9563E}.Release|Any CPU.Build.0 = Release|Any CPU
		{68E65B37-16EA-445E-BB4A-586AA22C090C}.Debug|Any CPU.ActiveCfg = Debug|Any CPU
		{68E65B37-16EA-445E-BB4A-586AA22C090C}.Debug|Any CPU.Build.0 = Debug|Any CPU
		{68E65B37-16EA-445E-BB4A-586AA22C090C}.Release|Any CPU.ActiveCfg = Release|Any CPU
		{68E65B37-16EA-445E-BB4A-586AA22C090C}.Release|Any CPU.Build.0 = Release|Any CPU
	EndGlobalSection
	GlobalSection(SolutionProperties) = preSolution
		HideSolutionNode = FALSE
	EndGlobalSection
	GlobalSection(NestedProjects) = preSolution
		{52FD488C-472C-4D2B-B60A-B2B5EA97BBB3} = {B3747F77-626C-4002-958D-41467C955F6B}
		{56F1A6DA-7C81-4099-9BE9-8876780BD65E} = {A568B937-CD6C-499B-8FDA-C40505220C7A}
		{D4A1672D-A47B-4169-8216-1B0526E30981} = {47F7C6AC-2FE2-4638-A475-CB29BCC4A882}
		{7FB87E29-9306-428F-A26F-1E71E37C28AC} = {B3747F77-626C-4002-958D-41467C955F6B}
		{9B3CABB5-4AD2-4AA0-8B41-E293CCD9563E} = {A568B937-CD6C-499B-8FDA-C40505220C7A}
		{83AC5CFB-C840-4F71-A859-7F6201BA8837} = {A916D343-9154-4239-A2C8-8F5BCBF2AE35}
		{F0C2CEBD-E954-4CAE-A7DF-AB07CFDA4C13} = {83AC5CFB-C840-4F71-A859-7F6201BA8837}
		{68E65B37-16EA-445E-BB4A-586AA22C090C} = {B3747F77-626C-4002-958D-41467C955F6B}
	EndGlobalSection
	GlobalSection(ExtensibilityGlobals) = postSolution
		SolutionGuid = {CF3E688B-A195-4C64-B28E-3290DD9F6EF2}
	EndGlobalSection
EndGlobal
